
Microsoft Visual Studio Solution File, Format Version 12.00
# Visual Studio Version 17
VisualStudioVersion = 17.10.35013.160
MinimumVisualStudioVersion = 10.0.40219.1
Project("{FAE04EC0-301F-11D3-BF4B-00C04F79EFBC}") = "TestProject1", "TestProject1\TestProject1.csproj", "{73FEDBF5-82A8-4D40-AD71-A090E25B7BCB}"
EndProject
Global
	GlobalSection(SolutionConfigurationPlatforms) = preSolution
		Debug|Any CPU = Debug|Any CPU
		Release|Any CPU = Release|Any CPU
	EndGlobalSection
	GlobalSection(ProjectConfigurationPlatforms) = postSolution
		{73FEDBF5-82A8-4D40-AD71-A090E25B7BCB}.Debug|Any CPU.ActiveCfg = Debug|Any CPU
		{73FEDBF5-82A8-4D40-AD71-A090E25B7BCB}.Debug|Any CPU.Build.0 = Debug|Any CPU
		{73FEDBF5-82A8-4D40-AD71-A090E25B7BCB}.Release|Any CPU.ActiveCfg = Release|Any CPU
		{73FEDBF5-82A8-4D40-AD71-A090E25B7BCB}.Release|Any CPU.Build.0 = Release|Any CPU
	EndGlobalSection
	GlobalSection(SolutionProperties) = preSolution
		HideSolutionNode = FALSE
	EndGlobalSection
	GlobalSection(ExtensibilityGlobals) = postSolution
		SolutionGuid = {26E0435A-BE81-4036-8516-BA51A4A5D855}
	EndGlobalSection
EndGlobal
